
Microsoft Visual Studio Solution File, Format Version 12.00
# Visual Studio 15
VisualStudioVersion = 15.0.28010.2026
MinimumVisualStudioVersion = 10.0.40219.1
Project("{FAE04EC0-301F-11D3-BF4B-00C04F79EFBC}") = "CoreAPI", "CoreAPI\CoreAPI.csproj", "{F6832CCD-54D3-4C44-AB75-B603D4890BE6}"
EndProject
Global
	GlobalSection(SolutionConfigurationPlatforms) = preSolution
		Debug|Any CPU = Debug|Any CPU
		Release|Any CPU = Release|Any CPU
	EndGlobalSection
	GlobalSection(ProjectConfigurationPlatforms) = postSolution
		{F6832CCD-54D3-4C44-AB75-B603D4890BE6}.Debug|Any CPU.ActiveCfg = Debug|Any CPU
		{F6832CCD-54D3-4C44-AB75-B603D4890BE6}.Debug|Any CPU.Build.0 = Debug|Any CPU
		{F6832CCD-54D3-4C44-AB75-B603D4890BE6}.Release|Any CPU.ActiveCfg = Release|Any CPU
		{F6832CCD-54D3-4C44-AB75-B603D4890BE6}.Release|Any CPU.Build.0 = Release|Any CPU
	EndGlobalSection
	GlobalSection(SolutionProperties) = preSolution
		HideSolutionNode = FALSE
	EndGlobalSection
	GlobalSection(ExtensibilityGlobals) = postSolution
		SolutionGuid = {0D577E27-AE1B-460E-880C-B0C09DD7007C}
	EndGlobalSection
EndGlobal
